// !$*UTF8*$!
{
	archiveVersion = 1;
	classes = {
	};
	objectVersion = 50;
	objects = {

/* Begin PBXBuildFile section */
		2F222F8F22B35EB000A5C7C7 /* AppDelegate.swift in Sources */ = {isa = PBXBuildFile; fileRef = 2F222F8E22B35EB000A5C7C7 /* AppDelegate.swift */; };
		2F222F9122B35EB000A5C7C7 /* ViewController.swift in Sources */ = {isa = PBXBuildFile; fileRef = 2F222F9022B35EB000A5C7C7 /* ViewController.swift */; };
		2F222F9422B35EB000A5C7C7 /* Main.storyboard in Resources */ = {isa = PBXBuildFile; fileRef = 2F222F9222B35EB000A5C7C7 /* Main.storyboard */; };
		2F222F9622B35EB200A5C7C7 /* Assets.xcassets in Resources */ = {isa = PBXBuildFile; fileRef = 2F222F9522B35EB200A5C7C7 /* Assets.xcassets */; };
		2F222F9922B35EB200A5C7C7 /* LaunchScreen.storyboard in Resources */ = {isa = PBXBuildFile; fileRef = 2F222F9722B35EB200A5C7C7 /* LaunchScreen.storyboard */; };
		2F222FA122B35F5900A5C7C7 /* PurchaseManagerDelegate.swift in Sources */ = {isa = PBXBuildFile; fileRef = 2F222FA022B35F5900A5C7C7 /* PurchaseManagerDelegate.swift */; };
		2F222FA322B3695D00A5C7C7 /* PurchaseManager.swift in Sources */ = {isa = PBXBuildFile; fileRef = 2F222FA222B3695D00A5C7C7 /* PurchaseManager.swift */; };
		2F222FA522B3826200A5C7C7 /* ProductManager.swift in Sources */ = {isa = PBXBuildFile; fileRef = 2F222FA422B3826200A5C7C7 /* ProductManager.swift */; };
/* End PBXBuildFile section */

/* Begin PBXFileReference section */
		2F222F8B22B35EB000A5C7C7 /* in-app-purchase.app */ = {isa = PBXFileReference; explicitFileType = wrapper.application; includeInIndex = 0; path = "in-app-purchase.app"; sourceTree = BUILT_PRODUCTS_DIR; };
		2F222F8E22B35EB000A5C7C7 /* AppDelegate.swift */ = {isa = PBXFileReference; lastKnownFileType = sourcecode.swift; path = AppDelegate.swift; sourceTree = "<group>"; };
		2F222F9022B35EB000A5C7C7 /* ViewController.swift */ = {isa = PBXFileReference; lastKnownFileType = sourcecode.swift; path = ViewController.swift; sourceTree = "<group>"; };
		2F222F9322B35EB000A5C7C7 /* Base */ = {isa = PBXFileReference; lastKnownFileType = file.storyboard; name = Base; path = Base.lproj/Main.storyboard; sourceTree = "<group>"; };
		2F222F9522B35EB200A5C7C7 /* Assets.xcassets */ = {isa = PBXFileReference; lastKnownFileType = folder.assetcatalog; path = Assets.xcassets; sourceTree = "<group>"; };
		2F222F9822B35EB200A5C7C7 /* Base */ = {isa = PBXFileReference; lastKnownFileType = file.storyboard; name = Base; path = Base.lproj/LaunchScreen.storyboard; sourceTree = "<group>"; };
		2F222F9A22B35EB200A5C7C7 /* Info.plist */ = {isa = PBXFileReference; lastKnownFileType = text.plist.xml; path = Info.plist; sourceTree = "<group>"; };
		2F222FA022B35F5900A5C7C7 /* PurchaseManagerDelegate.swift */ = {isa = PBXFileReference; lastKnownFileType = sourcecode.swift; path = PurchaseManagerDelegate.swift; sourceTree = "<group>"; };
		2F222FA222B3695D00A5C7C7 /* PurchaseManager.swift */ = {isa = PBXFileReference; lastKnownFileType = sourcecode.swift; path = PurchaseManager.swift; sourceTree = "<group>"; };
		2F222FA422B3826200A5C7C7 /* ProductManager.swift */ = {isa = PBXFileReference; lastKnownFileType = sourcecode.swift; path = ProductManager.swift; sourceTree = "<group>"; };
/* End PBXFileReference section */

/* Begin PBXFrameworksBuildPhase section */
		2F222F8822B35EB000A5C7C7 /* Frameworks */ = {
			isa = PBXFrameworksBuildPhase;
			buildActionMask = 2147483647;
			files = (
			);
			runOnlyForDeploymentPostprocessing = 0;
		};
/* End PBXFrameworksBuildPhase section */

/* Begin PBXGroup section */
		2F222F8222B35EB000A5C7C7 = {
			isa = PBXGroup;
			children = (
				2F222F8D22B35EB000A5C7C7 /* in-app-purchase */,
				2F222F8C22B35EB000A5C7C7 /* Products */,
			);
			sourceTree = "<group>";
		};
		2F222F8C22B35EB000A5C7C7 /* Products */ = {
			isa = PBXGroup;
			children = (
				2F222F8B22B35EB000A5C7C7 /* in-app-purchase.app */,
			);
			name = Products;
			sourceTree = "<group>";
		};
		2F222F8D22B35EB000A5C7C7 /* in-app-purchase */ = {
			isa = PBXGroup;
			children = (
				2F222F8E22B35EB000A5C7C7 /* AppDelegate.swift */,
				2F222F9022B35EB000A5C7C7 /* ViewController.swift */,
				2F222FA022B35F5900A5C7C7 /* PurchaseManagerDelegate.swift */,
				2F222FA222B3695D00A5C7C7 /* PurchaseManager.swift */,
				2F222FA422B3826200A5C7C7 /* ProductManager.swift */,
				2F222F9222B35EB000A5C7C7 /* Main.storyboard */,
				2F222F9522B35EB200A5C7C7 /* Assets.xcassets */,
				2F222F9722B35EB200A5C7C7 /* LaunchScreen.storyboard */,
				2F222F9A22B35EB200A5C7C7 /* Info.plist */,
			);
			path = "in-app-purchase";
			sourceTree = "<group>";
		};
/* End PBXGroup section */

/* Begin PBXNativeTarget section */
		2F222F8A22B35EB000A5C7C7 /* in-app-purchase */ = {
			isa = PBXNativeTarget;
			buildConfigurationList = 2F222F9D22B35EB200A5C7C7 /* Build configuration list for PBXNativeTarget "in-app-purchase" */;
			buildPhases = (
				2F222F8722B35EB000A5C7C7 /* Sources */,
				2F222F8822B35EB000A5C7C7 /* Frameworks */,
				2F222F8922B35EB000A5C7C7 /* Resources */,
			);
			buildRules = (
			);
			dependencies = (
			);
			name = "in-app-purchase";
			productName = "in-app-purchase";
			productReference = 2F222F8B22B35EB000A5C7C7 /* in-app-purchase.app */;
			productType = "com.apple.product-type.application";
		};
/* End PBXNativeTarget section */

/* Begin PBXProject section */
		2F222F8322B35EB000A5C7C7 /* Project object */ = {
			isa = PBXProject;
			attributes = {
				LastSwiftUpdateCheck = 1020;
				LastUpgradeCheck = 1020;
				ORGANIZATIONNAME = "Watanabe Takehiro";
				TargetAttributes = {
					2F222F8A22B35EB000A5C7C7 = {
						CreatedOnToolsVersion = 10.2.1;
					};
				};
			};
			buildConfigurationList = 2F222F8622B35EB000A5C7C7 /* Build configuration list for PBXProject "in-app-purchase" */;
			compatibilityVersion = "Xcode 9.3";
			developmentRegion = en;
			hasScannedForEncodings = 0;
			knownRegions = (
				en,
				Base,
			);
			mainGroup = 2F222F8222B35EB000A5C7C7;
			productRefGroup = 2F222F8C22B35EB000A5C7C7 /* Products */;
			projectDirPath = "";
			projectRoot = "";
			targets = (
				2F222F8A22B35EB000A5C7C7 /* in-app-purchase */,
			);
		};
/* End PBXProject section */

/* Begin PBXResourcesBuildPhase section */
		2F222F8922B35EB000A5C7C7 /* Resources */ = {
			isa = PBXResourcesBuildPhase;
			buildActionMask = 2147483647;
			files = (
				2F222F9922B35EB200A5C7C7 /* LaunchScreen.storyboard in Resources */,
				2F222F9622B35EB200A5C7C7 /* Assets.xcassets in Resources */,
				2F222F9422B35EB000A5C7C7 /* Main.storyboard in Resources */,
			);
			runOnlyForDeploymentPostprocessing = 0;
		};
/* End PBXResourcesBuildPhase section */

/* Begin PBXSourcesBuildPhase section */
		2F222F8722B35EB000A5C7C7 /* Sources */ = {
			isa = PBXSourcesBuildPhase;
			buildActionMask = 2147483647;
			files = (
				2F222FA122B35F5900A5C7C7 /* PurchaseManagerDelegate.swift in Sources */,
				2F222FA522B3826200A5C7C7 /* ProductManager.swift in Sources */,
				2F222F9122B35EB000A5C7C7 /* ViewController.swift in Sources */,
				2F222FA322B3695D00A5C7C7 /* PurchaseManager.swift in Sources */,
				2F222F8F22B35EB000A5C7C7 /* AppDelegate.swift in Sources */,
			);
			runOnlyForDeploymentPostprocessing = 0;
		};
/* End PBXSourcesBuildPhase section */

/* Begin PBXVariantGroup section */
		2F222F9222B35EB000A5C7C7 /* Main.storyboard */ = {
			isa = PBXVariantGroup;
			children = (
				2F222F9322B35EB000A5C7C7 /* Base */,
			);
			name = Main.storyboard;
			sourceTree = "<group>";
		};
		2F222F9722B35EB200A5C7C7 /* LaunchScreen.storyboard */ = {
			isa = PBXVariantGroup;
			children = (
				2F222F9822B35EB200A5C7C7 /* Base */,
			);
			name = LaunchScreen.storyboard;
			sourceTree = "<group>";
		};
/* End PBXVariantGroup section */

/* Begin XCBuildConfiguration section */
		2F222F9B22B35EB200A5C7C7 /* Debug */ = {
			isa = XCBuildConfiguration;
			buildSettings = {
				ALWAYS_SEARCH_USER_PATHS = NO;
				CLANG_ANALYZER_NONNULL = YES;
				CLANG_ANALYZER_NUMBER_OBJECT_CONVERSION = YES_AGGRESSIVE;
				CLANG_CXX_LANGUAGE_STANDARD = "gnu++14";
				CLANG_CXX_LIBRARY = "libc++";
				CLANG_ENABLE_MODULES = YES;
				CLANG_ENABLE_OBJC_ARC = YES;
				CLANG_ENABLE_OBJC_WEAK = YES;
				CLANG_WARN_BLOCK_CAPTURE_AUTORELEASING = YES;
				CLANG_WARN_BOOL_CONVERSION = YES;
				CLANG_WARN_COMMA = YES;
				CLANG_WARN_CONSTANT_CONVERSION = YES;
				CLANG_WARN_DEPRECATED_OBJC_IMPLEMENTATIONS = YES;
				CLANG_WARN_DIRECT_OBJC_ISA_USAGE = YES_ERROR;
				CLANG_WARN_DOCUMENTATION_COMMENTS = YES;
				CLANG_WARN_EMPTY_BODY = YES;
				CLANG_WARN_ENUM_CONVERSION = YES;
				CLANG_WARN_INFINITE_RECURSION = YES;
				CLANG_WARN_INT_CONVERSION = YES;
				CLANG_WARN_NON_LITERAL_NULL_CONVERSION = YES;
				CLANG_WARN_OBJC_IMPLICIT_RETAIN_SELF = YES;
				CLANG_WARN_OBJC_LITERAL_CONVERSION = YES;
				CLANG_WARN_OBJC_ROOT_CLASS = YES_ERROR;
				CLANG_WARN_RANGE_LOOP_ANALYSIS = YES;
				CLANG_WARN_STRICT_PROTOTYPES = YES;
				CLANG_WARN_SUSPICIOUS_MOVE = YES;
				CLANG_WARN_UNGUARDED_AVAILABILITY = YES_AGGRESSIVE;
				CLANG_WARN_UNREACHABLE_CODE = YES;
				CLANG_WARN__DUPLICATE_METHOD_MATCH = YES;
				CODE_SIGN_IDENTITY = "iPhone Developer";
				COPY_PHASE_STRIP = NO;
				DEBUG_INFORMATION_FORMAT = dwarf;
				ENABLE_STRICT_OBJC_MSGSEND = YES;
				ENABLE_TESTABILITY = YES;
				GCC_C_LANGUAGE_STANDARD = gnu11;
				GCC_DYNAMIC_NO_PIC = NO;
				GCC_NO_COMMON_BLOCKS = YES;
				GCC_OPTIMIZATION_LEVEL = 0;
				GCC_PREPROCESSOR_DEFINITIONS = (
					"DEBUG=1",
					"$(inherited)",
				);
				GCC_WARN_64_TO_32_BIT_CONVERSION = YES;
				GCC_WARN_ABOUT_RETURN_TYPE = YES_ERROR;
				GCC_WARN_UNDECLARED_SELECTOR = YES;
				GCC_WARN_UNINITIALIZED_AUTOS = YES_AGGRESSIVE;
				GCC_WARN_UNUSED_FUNCTION = YES;
				GCC_WARN_UNUSED_VARIABLE = YES;
				IPHONEOS_DEPLOYMENT_TARGET = 12.2;
				MTL_ENABLE_DEBUG_INFO = INCLUDE_SOURCE;
				MTL_FAST_MATH = YES;
				ONLY_ACTIVE_ARCH = YES;
				SDKROOT = iphoneos;
				SWIFT_ACTIVE_COMPILATION_CONDITIONS = DEBUG;
				SWIFT_OPTIMIZATION_LEVEL = "-Onone";
			};
			name = Debug;
		};
		2F222F9C22B35EB200A5C7C7 /* Release */ = {
			isa = XCBuildConfiguration;
			buildSettings = {
				ALWAYS_SEARCH_USER_PATHS = NO;
				CLANG_ANALYZER_NONNULL = YES;
				CLANG_ANALYZER_NUMBER_OBJECT_CONVERSION = YES_AGGRESSIVE;
				CLANG_CXX_LANGUAGE_STANDARD = "gnu++14";
				CLANG_CXX_LIBRARY = "libc++";
				CLANG_ENABLE_MODULES = YES;
				CLANG_ENABLE_OBJC_ARC = YES;
				CLANG_ENABLE_OBJC_WEAK = YES;
				CLANG_WARN_BLOCK_CAPTURE_AUTORELEASING = YES;
				CLANG_WARN_BOOL_CONVERSION = YES;
				CLANG_WARN_COMMA = YES;
				CLANG_WARN_CONSTANT_CONVERSION = YES;
				CLANG_WARN_DEPRECATED_OBJC_IMPLEMENTATIONS = YES;
				CLANG_WARN_DIRECT_OBJC_ISA_USAGE = YES_ERROR;
				CLANG_WARN_DOCUMENTATION_COMMENTS = YES;
				CLANG_WARN_EMPTY_BODY = YES;
				CLANG_WARN_ENUM_CONVERSION = YES;
				CLANG_WARN_INFINITE_RECURSION = YES;
				CLANG_WARN_INT_CONVERSION = YES;
				CLANG_WARN_NON_LITERAL_NULL_CONVERSION = YES;
				CLANG_WARN_OBJC_IMPLICIT_RETAIN_SELF = YES;
				CLANG_WARN_OBJC_LITERAL_CONVERSION = YES;
				CLANG_WARN_OBJC_ROOT_CLASS = YES_ERROR;
				CLANG_WARN_RANGE_LOOP_ANALYSIS = YES;
				CLANG_WARN_STRICT_PROTOTYPES = YES;
				CLANG_WARN_SUSPICIOUS_MOVE = YES;
				CLANG_WARN_UNGUARDED_AVAILABILITY = YES_AGGRESSIVE;
				CLANG_WARN_UNREACHABLE_CODE = YES;
				CLANG_WARN__DUPLICATE_METHOD_MATCH = YES;
				CODE_SIGN_IDENTITY = "iPhone Developer";
				COPY_PHASE_STRIP = NO;
				DEBUG_INFORMATION_FORMAT = "dwarf-with-dsym";
				ENABLE_NS_ASSERTIONS = NO;
				ENABLE_STRICT_OBJC_MSGSEND = YES;
				GCC_C_LANGUAGE_STANDARD = gnu11;
				GCC_NO_COMMON_BLOCKS = YES;
				GCC_WARN_64_TO_32_BIT_CONVERSION = YES;
				GCC_WARN_ABOUT_RETURN_TYPE = YES_ERROR;
				GCC_WARN_UNDECLARED_SELECTOR = YES;
				GCC_WARN_UNINITIALIZED_AUTOS = YES_AGGRESSIVE;
				GCC_WARN_UNUSED_FUNCTION = YES;
				GCC_WARN_UNUSED_VARIABLE = YES;
				IPHONEOS_DEPLOYMENT_TARGET = 12.2;
				MTL_ENABLE_DEBUG_INFO = NO;
				MTL_FAST_MATH = YES;
				SDKROOT = iphoneos;
				SWIFT_COMPILATION_MODE = wholemodule;
				SWIFT_OPTIMIZATION_LEVEL = "-O";
				VALIDATE_PRODUCT = YES;
			};
			name = Release;
		};
		2F222F9E22B35EB200A5C7C7 /* Debug */ = {
			isa = XCBuildConfiguration;
			buildSettings = {
				ASSETCATALOG_COMPILER_APPICON_NAME = AppIcon;
				CODE_SIGN_STYLE = Automatic;
				DEVELOPMENT_TEAM = YMCFLQ9MSP;
				INFOPLIST_FILE = "in-app-purchase/Info.plist";
				LD_RUNPATH_SEARCH_PATHS = (
					"$(inherited)",
					"@executable_path/Frameworks",
				);
				PRODUCT_BUNDLE_IDENTIFIER = "jp.co.globis.in-app-purchase";
				PRODUCT_NAME = "$(TARGET_NAME)";
				SWIFT_VERSION = 5.0;
				TARGETED_DEVICE_FAMILY = "1,2";
			};
			name = Debug;
		};
		2F222F9F22B35EB200A5C7C7 /* Release */ = {
			isa = XCBuildConfiguration;
			buildSettings = {
				ASSETCATALOG_COMPILER_APPICON_NAME = AppIcon;
				CODE_SIGN_STYLE = Automatic;
				DEVELOPMENT_TEAM = YMCFLQ9MSP;
				INFOPLIST_FILE = "in-app-purchase/Info.plist";
				LD_RUNPATH_SEARCH_PATHS = (
					"$(inherited)",
					"@executable_path/Frameworks",
				);
				PRODUCT_BUNDLE_IDENTIFIER = "jp.co.globis.in-app-purchase";
				PRODUCT_NAME = "$(TARGET_NAME)";
				SWIFT_VERSION = 5.0;
				TARGETED_DEVICE_FAMILY = "1,2";
			};
			name = Release;
		};
/* End XCBuildConfiguration section */

/* Begin XCConfigurationList section */
		2F222F8622B35EB000A5C7C7 /* Build configuration list for PBXProject "in-app-purchase" */ = {
			isa = XCConfigurationList;
			buildConfigurations = (
				2F222F9B22B35EB200A5C7C7 /* Debug */,
				2F222F9C22B35EB200A5C7C7 /* Release */,
			);
			defaultConfigurationIsVisible = 0;
			defaultConfigurationName = Release;
		};
		2F222F9D22B35EB200A5C7C7 /* Build configuration list for PBXNativeTarget "in-app-purchase" */ = {
			isa = XCConfigurationList;
			buildConfigurations = (
				2F222F9E22B35EB200A5C7C7 /* Debug */,
				2F222F9F22B35EB200A5C7C7 /* Release */,
			);
			defaultConfigurationIsVisible = 0;
			defaultConfigurationName = Release;
		};
/* End XCConfigurationList section */
	};
	rootObject = 2F222F8322B35EB000A5C7C7 /* Project object */;
}
